
Microsoft Visual Studio Solution File, Format Version 12.00
# Visual Studio Version 17
VisualStudioVersion = 17.7.34003.232
MinimumVisualStudioVersion = 10.0.40219.1
Project("{FAE04EC0-301F-11D3-BF4B-00C04F79EFBC}") = "QA_AccessControl", "QA_AccessControl.csproj", "{49AB7193-EDE2-45E1-8A32-923189AA2C17}"
EndProject
Global
	GlobalSection(SolutionConfigurationPlatforms) = preSolution
		Debug|Any CPU = Debug|Any CPU
		Release|Any CPU = Release|Any CPU
	EndGlobalSection
	GlobalSection(ProjectConfigurationPlatforms) = postSolution
		{49AB7193-EDE2-45E1-8A32-923189AA2C17}.Debug|Any CPU.ActiveCfg = Debug|Any CPU
		{49AB7193-EDE2-45E1-8A32-923189AA2C17}.Debug|Any CPU.Build.0 = Debug|Any CPU
		{49AB7193-EDE2-45E1-8A32-923189AA2C17}.Release|Any CPU.ActiveCfg = Release|Any CPU
		{49AB7193-EDE2-45E1-8A32-923189AA2C17}.Release|Any CPU.Build.0 = Release|Any CPU
	EndGlobalSection
	GlobalSection(SolutionProperties) = preSolution
		HideSolutionNode = FALSE
	EndGlobalSection
	GlobalSection(ExtensibilityGlobals) = postSolution
		SolutionGuid = {EFA27A62-6740-470D-B0F3-B776BCEAB5BD}
	EndGlobalSection
EndGlobal
